
Microsoft Visual Studio Solution File, Format Version 12.00
# Visual Studio Version 17
VisualStudioVersion = 17.5.33530.505
MinimumVisualStudioVersion = 10.0.40219.1
Project("{FAE04EC0-301F-11D3-BF4B-00C04F79EFBC}") = "MiniTextToSpeech1", "MiniTextToSpeech1\MiniTextToSpeech1.csproj", "{75E4FDA4-5778-4FAB-AF8C-CDD211C5CE95}"
EndProject
Global
	GlobalSection(SolutionConfigurationPlatforms) = preSolution
		Debug|Any CPU = Debug|Any CPU
		Release|Any CPU = Release|Any CPU
	EndGlobalSection
	GlobalSection(ProjectConfigurationPlatforms) = postSolution
		{75E4FDA4-5778-4FAB-AF8C-CDD211C5CE95}.Debug|Any CPU.ActiveCfg = Debug|Any CPU
		{75E4FDA4-5778-4FAB-AF8C-CDD211C5CE95}.Debug|Any CPU.Build.0 = Debug|Any CPU
		{75E4FDA4-5778-4FAB-AF8C-CDD211C5CE95}.Release|Any CPU.ActiveCfg = Release|Any CPU
		{75E4FDA4-5778-4FAB-AF8C-CDD211C5CE95}.Release|Any CPU.Build.0 = Release|Any CPU
	EndGlobalSection
	GlobalSection(SolutionProperties) = preSolution
		HideSolutionNode = FALSE
	EndGlobalSection
	GlobalSection(ExtensibilityGlobals) = postSolution
		SolutionGuid = {726BB5BE-52A7-4778-9487-C80C311BCB25}
	EndGlobalSection
EndGlobal
